
Microsoft Visual Studio Solution File, Format Version 12.00
# Visual Studio 15
VisualStudioVersion = 15.0.28307.1622
MinimumVisualStudioVersion = 10.0.40219.1
Project("{FAE04EC0-301F-11D3-BF4B-00C04F79EFBC}") = "Capa_Presentacion", "Capa_Presentacion\Capa_Presentacion.csproj", "{6E47AEA1-0E96-4468-A3A8-B77838B3B3AD}"
EndProject
Project("{FAE04EC0-301F-11D3-BF4B-00C04F79EFBC}") = "Capa_Datos", "Capa_Datos\Capa_Datos.csproj", "{FA6AA6B2-C34A-41BA-8DDC-62B0AE43A20C}"
EndProject
Project("{FAE04EC0-301F-11D3-BF4B-00C04F79EFBC}") = "Capa_Logica", "Capa_Logica\Capa_Logica.csproj", "{67384FD3-0B21-4557-92E7-C43B358985E3}"
EndProject
Project("{FAE04EC0-301F-11D3-BF4B-00C04F79EFBC}") = "Capa_Entidades", "Capa_Entidades\Capa_Entidades.csproj", "{D12CA6EC-D771-46BA-97BB-C3AE9D706F75}"
EndProject
Global
	GlobalSection(SolutionConfigurationPlatforms) = preSolution
		Debug|Any CPU = Debug|Any CPU
		Release|Any CPU = Release|Any CPU
	EndGlobalSection
	GlobalSection(ProjectConfigurationPlatforms) = postSolution
		{6E47AEA1-0E96-4468-A3A8-B77838B3B3AD}.Debug|Any CPU.ActiveCfg = Debug|Any CPU
		{6E47AEA1-0E96-4468-A3A8-B77838B3B3AD}.Debug|Any CPU.Build.0 = Debug|Any CPU
		{6E47AEA1-0E96-4468-A3A8-B77838B3B3AD}.Release|Any CPU.ActiveCfg = Release|Any CPU
		{6E47AEA1-0E96-4468-A3A8-B77838B3B3AD}.Release|Any CPU.Build.0 = Release|Any CPU
		{FA6AA6B2-C34A-41BA-8DDC-62B0AE43A20C}.Debug|Any CPU.ActiveCfg = Debug|Any CPU
		{FA6AA6B2-C34A-41BA-8DDC-62B0AE43A20C}.Debug|Any CPU.Build.0 = Debug|Any CPU
		{FA6AA6B2-C34A-41BA-8DDC-62B0AE43A20C}.Release|Any CPU.ActiveCfg = Release|Any CPU
		{FA6AA6B2-C34A-41BA-8DDC-62B0AE43A20C}.Release|Any CPU.Build.0 = Release|Any CPU
		{67384FD3-0B21-4557-92E7-C43B358985E3}.Debug|Any CPU.ActiveCfg = Debug|Any CPU
		{67384FD3-0B21-4557-92E7-C43B358985E3}.Debug|Any CPU.Build.0 = Debug|Any CPU
		{67384FD3-0B21-4557-92E7-C43B358985E3}.Release|Any CPU.ActiveCfg = Release|Any CPU
		{67384FD3-0B21-4557-92E7-C43B358985E3}.Release|Any CPU.Build.0 = Release|Any CPU
		{D12CA6EC-D771-46BA-97BB-C3AE9D706F75}.Debug|Any CPU.ActiveCfg = Debug|Any CPU
		{D12CA6EC-D771-46BA-97BB-C3AE9D706F75}.Debug|Any CPU.Build.0 = Debug|Any CPU
		{D12CA6EC-D771-46BA-97BB-C3AE9D706F75}.Release|Any CPU.ActiveCfg = Release|Any CPU
		{D12CA6EC-D771-46BA-97BB-C3AE9D706F75}.Release|Any CPU.Build.0 = Release|Any CPU
	EndGlobalSection
	GlobalSection(SolutionProperties) = preSolution
		HideSolutionNode = FALSE
	EndGlobalSection
	GlobalSection(ExtensibilityGlobals) = postSolution
		SolutionGuid = {6AF9BF6C-7F4D-45C9-BF12-31D092B8DFDE}
	EndGlobalSection
EndGlobal
